
Microsoft Visual Studio Solution File, Format Version 12.00
# Visual Studio Version 16
VisualStudioVersion = 16.0.29326.143
MinimumVisualStudioVersion = 10.0.40219.1
Project("{9A19103F-16F7-4668-BE54-9A1E7A4F7556}") = "apc.api.core", "apc.api.core\apc.api.core.csproj", "{821D9057-C62D-488A-B3BC-3E7232C6DDF5}"
EndProject
Project("{2150E333-8FDC-42A3-9474-1A3956D46DE8}") = "Solution Items", "Solution Items", "{34AE780E-FCF7-4939-B749-AAE5AED14740}"
	ProjectSection(SolutionItems) = preProject
		.dockerignore = .dockerignore
		dockerfile = dockerfile
	EndProjectSection
EndProject
Project("{FAE04EC0-301F-11D3-BF4B-00C04F79EFBC}") = "apc.businesslayer.core", "apc.businesslayer.core\apc.businesslayer.core.csproj", "{74099A69-407C-4C1D-BDC7-E262C7ED69C9}"
EndProject
Global
	GlobalSection(SolutionConfigurationPlatforms) = preSolution
		Debug|Any CPU = Debug|Any CPU
		Release|Any CPU = Release|Any CPU
	EndGlobalSection
	GlobalSection(ProjectConfigurationPlatforms) = postSolution
		{821D9057-C62D-488A-B3BC-3E7232C6DDF5}.Debug|Any CPU.ActiveCfg = Debug|Any CPU
		{821D9057-C62D-488A-B3BC-3E7232C6DDF5}.Debug|Any CPU.Build.0 = Debug|Any CPU
		{821D9057-C62D-488A-B3BC-3E7232C6DDF5}.Release|Any CPU.ActiveCfg = Release|Any CPU
		{821D9057-C62D-488A-B3BC-3E7232C6DDF5}.Release|Any CPU.Build.0 = Release|Any CPU
		{74099A69-407C-4C1D-BDC7-E262C7ED69C9}.Debug|Any CPU.ActiveCfg = Debug|Any CPU
		{74099A69-407C-4C1D-BDC7-E262C7ED69C9}.Debug|Any CPU.Build.0 = Debug|Any CPU
		{74099A69-407C-4C1D-BDC7-E262C7ED69C9}.Release|Any CPU.ActiveCfg = Release|Any CPU
		{74099A69-407C-4C1D-BDC7-E262C7ED69C9}.Release|Any CPU.Build.0 = Release|Any CPU
	EndGlobalSection
	GlobalSection(SolutionProperties) = preSolution
		HideSolutionNode = FALSE
	EndGlobalSection
	GlobalSection(ExtensibilityGlobals) = postSolution
		SolutionGuid = {F4FFB62E-E9BD-4CE5-AC2F-3C3197858905}
	EndGlobalSection
	GlobalSection(TeamFoundationVersionControl) = preSolution
		SccNumberOfProjects = 3
		SccEnterpriseProvider = {4CA58AB2-18FA-4F8D-95D4-32DDF27D184C}
		SccTeamFoundationServer = https://recortech.visualstudio.com/
		SccLocalPath0 = .
		SccProjectUniqueName1 = apc.api.core\\apc.api.core.csproj
		SccProjectName1 = apc.api.core
		SccLocalPath1 = apc.api.core
		SccProjectUniqueName2 = apc.businesslayer.core\\apc.businesslayer.core.csproj
		SccProjectName2 = apc.businesslayer.core
		SccLocalPath2 = apc.businesslayer.core
	EndGlobalSection
EndGlobal
